// !$*UTF8*$!
{
	archiveVersion = 1;
	classes = {
	};
	objectVersion = 46;
	objects = {

/* Begin PBXCopyFilesBuildPhase section */
		58B511D91A9E6C8500147676 /* CopyFiles */ = {
			isa = PBXCopyFilesBuildPhase;
			buildActionMask = 2147483647;
			dstPath = "include/$(PRODUCT_NAME)";
			dstSubfolderSpec = 16;
			files = (
			);
			runOnlyForDeploymentPostprocessing = 0;
		};
/* End PBXCopyFilesBuildPhase section */

/* Begin PBXFileReference section */
		134814201AA4EA6300B7C361 /* libTelinkBle.a */ = {isa = PBXFileReference; explicitFileType = archive.ar; includeInIndex = 0; path = libTelinkBle.a; sourceTree = BUILT_PRODUCTS_DIR; };
		707ACE292944C2B300CD26B1 /* AddDeviceStateModel.m */ = {isa = PBXFileReference; lastKnownFileType = sourcecode.c.objc; path = AddDeviceStateModel.m; sourceTree = "<group>"; };
		707ACE2A2944C2B300CD26B1 /* SupportedDevice.h */ = {isa = PBXFileReference; lastKnownFileType = sourcecode.c.h; path = SupportedDevice.h; sourceTree = "<group>"; };
		707ACE2B2944C2B300CD26B1 /* NSString+extension.h */ = {isa = PBXFileReference; lastKnownFileType = sourcecode.c.h; path = "NSString+extension.h"; sourceTree = "<group>"; };
		707ACE2C2944C2B300CD26B1 /* TelinkBle+MeshSDK.m */ = {isa = PBXFileReference; lastKnownFileType = sourcecode.c.objc; path = "TelinkBle+MeshSDK.m"; sourceTree = "<group>"; };
		707ACE2D2944C2B300CD26B1 /* NSString+extension.m */ = {isa = PBXFileReference; lastKnownFileType = sourcecode.c.objc; path = "NSString+extension.m"; sourceTree = "<group>"; };
		707ACE2E2944C2B300CD26B1 /* AddDeviceStateModel.h */ = {isa = PBXFileReference; lastKnownFileType = sourcecode.c.h; path = AddDeviceStateModel.h; sourceTree = "<group>"; };
		707ACE2F2944C2B400CD26B1 /* AddState.h */ = {isa = PBXFileReference; lastKnownFileType = sourcecode.c.h; path = AddState.h; sourceTree = "<group>"; };
		707ACE302944C2B400CD26B1 /* TelinkBle+DeviceScanning.m */ = {isa = PBXFileReference; lastKnownFileType = sourcecode.c.objc; path = "TelinkBle+DeviceScanning.m"; sourceTree = "<group>"; };
		707ACE312944C2B400CD26B1 /* NSData+Conversion.h */ = {isa = PBXFileReference; lastKnownFileType = sourcecode.c.h; path = "NSData+Conversion.h"; sourceTree = "<group>"; };
		707ACE322944C2B400CD26B1 /* TelinkBle.m */ = {isa = PBXFileReference; lastKnownFileType = sourcecode.c.objc; path = TelinkBle.m; sourceTree = "<group>"; };
		707ACE332944C2B400CD26B1 /* TelinkBle+SigMessageDelegate.m */ = {isa = PBXFileReference; lastKnownFileType = sourcecode.c.objc; path = "TelinkBle+SigMessageDelegate.m"; sourceTree = "<group>"; };
		707ACE342944C2B400CD26B1 /* TelinkBle+DeviceScanning.h */ = {isa = PBXFileReference; lastKnownFileType = sourcecode.c.h; path = "TelinkBle+DeviceScanning.h"; sourceTree = "<group>"; };
		707ACE352944C2B400CD26B1 /* TelinkBle.h */ = {isa = PBXFileReference; lastKnownFileType = sourcecode.c.h; path = TelinkBle.h; sourceTree = "<group>"; };
		707ACE362944C2B400CD26B1 /* NSData+Conversion.m */ = {isa = PBXFileReference; lastKnownFileType = sourcecode.c.objc; path = "NSData+Conversion.m"; sourceTree = "<group>"; };
		707ACE372944C2B400CD26B1 /* TelinkBle+SigMessageDelegate.h */ = {isa = PBXFileReference; lastKnownFileType = sourcecode.c.h; path = "TelinkBle+SigMessageDelegate.h"; sourceTree = "<group>"; };
		707ACE382944C2B400CD26B1 /* TelinkSigMeshLib */ = {isa = PBXFileReference; lastKnownFileType = folder; path = TelinkSigMeshLib; sourceTree = "<group>"; };
		707ACE392944C2B400CD26B1 /* DemoCommand.h */ = {isa = PBXFileReference; lastKnownFileType = sourcecode.c.h; path = DemoCommand.h; sourceTree = "<group>"; };
		707ACE3A2944C2B400CD26B1 /* DemoCommand.m */ = {isa = PBXFileReference; lastKnownFileType = sourcecode.c.objc; path = DemoCommand.m; sourceTree = "<group>"; };
		707ACE3B2944C2B400CD26B1 /* TelinkBle.swift */ = {isa = PBXFileReference; lastKnownFileType = sourcecode.swift; path = TelinkBle.swift; sourceTree = "<group>"; };
		707ACE3C2944C2B400CD26B1 /* TelinkBle+MeshSDK.h */ = {isa = PBXFileReference; lastKnownFileType = sourcecode.c.h; path = "TelinkBle+MeshSDK.h"; sourceTree = "<group>"; };
		707ACE3D2944C2B400CD26B1 /* SupportedDevice.m */ = {isa = PBXFileReference; lastKnownFileType = sourcecode.c.objc; path = SupportedDevice.m; sourceTree = "<group>"; };
		F4FF95D5245B92E700C19C63 /* TelinkBle-Bridging-Header.h */ = {isa = PBXFileReference; lastKnownFileType = sourcecode.c.h; path = "TelinkBle-Bridging-Header.h"; sourceTree = "<group>"; };
/* End PBXFileReference section */

/* Begin PBXFrameworksBuildPhase section */
		58B511D81A9E6C8500147676 /* Frameworks */ = {
			isa = PBXFrameworksBuildPhase;
			buildActionMask = 2147483647;
			files = (
			);
			runOnlyForDeploymentPostprocessing = 0;
		};
/* End PBXFrameworksBuildPhase section */

/* Begin PBXGroup section */
		134814211AA4EA7D00B7C361 /* Products */ = {
			isa = PBXGroup;
			children = (
				134814201AA4EA6300B7C361 /* libTelinkBle.a */,
			);
			name = Products;
			sourceTree = "<group>";
		};
		58B511D21A9E6C8500147676 = {
			isa = PBXGroup;
			children = (
				707ACE2E2944C2B300CD26B1 /* AddDeviceStateModel.h */,
				707ACE292944C2B300CD26B1 /* AddDeviceStateModel.m */,
				707ACE2F2944C2B400CD26B1 /* AddState.h */,
				707ACE392944C2B400CD26B1 /* DemoCommand.h */,
				707ACE3A2944C2B400CD26B1 /* DemoCommand.m */,
				707ACE312944C2B400CD26B1 /* NSData+Conversion.h */,
				707ACE362944C2B400CD26B1 /* NSData+Conversion.m */,
				707ACE2B2944C2B300CD26B1 /* NSString+extension.h */,
				707ACE2D2944C2B300CD26B1 /* NSString+extension.m */,
				707ACE2A2944C2B300CD26B1 /* SupportedDevice.h */,
				707ACE3D2944C2B400CD26B1 /* SupportedDevice.m */,
				707ACE352944C2B400CD26B1 /* TelinkBle.h */,
				707ACE322944C2B400CD26B1 /* TelinkBle.m */,
				707ACE3B2944C2B400CD26B1 /* TelinkBle.swift */,
				707ACE342944C2B400CD26B1 /* TelinkBle+DeviceScanning.h */,
				707ACE302944C2B400CD26B1 /* TelinkBle+DeviceScanning.m */,
				707ACE3C2944C2B400CD26B1 /* TelinkBle+MeshSDK.h */,
				707ACE2C2944C2B300CD26B1 /* TelinkBle+MeshSDK.m */,
				707ACE372944C2B400CD26B1 /* TelinkBle+SigMessageDelegate.h */,
				707ACE332944C2B400CD26B1 /* TelinkBle+SigMessageDelegate.m */,
				707ACE382944C2B400CD26B1 /* TelinkSigMeshLib */,
				F4FF95D5245B92E700C19C63 /* TelinkBle-Bridging-Header.h */,
				134814211AA4EA7D00B7C361 /* Products */,
			);
			sourceTree = "<group>";
		};
/* End PBXGroup section */

/* Begin PBXNativeTarget section */
		58B511DA1A9E6C8500147676 /* TelinkBle */ = {
			isa = PBXNativeTarget;
			buildConfigurationList = 58B511EF1A9E6C8500147676 /* Build configuration list for PBXNativeTarget "TelinkBle" */;
			buildPhases = (
				58B511D71A9E6C8500147676 /* Sources */,
				58B511D81A9E6C8500147676 /* Frameworks */,
				58B511D91A9E6C8500147676 /* CopyFiles */,
			);
			buildRules = (
			);
			dependencies = (
			);
			name = TelinkBle;
			productName = RCTDataManager;
			productReference = 134814201AA4EA6300B7C361 /* libTelinkBle.a */;
			productType = "com.apple.product-type.library.static";
		};
/* End PBXNativeTarget section */

/* Begin PBXProject section */
		58B511D31A9E6C8500147676 /* Project object */ = {
			isa = PBXProject;
			attributes = {
				LastUpgradeCheck = 0920;
				ORGANIZATIONNAME = Facebook;
				TargetAttributes = {
					58B511DA1A9E6C8500147676 = {
						CreatedOnToolsVersion = 6.1.1;
					};
				};
			};
			buildConfigurationList = 58B511D61A9E6C8500147676 /* Build configuration list for PBXProject "TelinkBle" */;
			compatibilityVersion = "Xcode 3.2";
			developmentRegion = English;
			hasScannedForEncodings = 0;
			knownRegions = (
				English,
				en,
			);
			mainGroup = 58B511D21A9E6C8500147676;
			productRefGroup = 58B511D21A9E6C8500147676;
			projectDirPath = "";
			projectRoot = "";
			targets = (
				58B511DA1A9E6C8500147676 /* TelinkBle */,
			);
		};
/* End PBXProject section */

/* Begin PBXSourcesBuildPhase section */
		58B511D71A9E6C8500147676 /* Sources */ = {
			isa = PBXSourcesBuildPhase;
			buildActionMask = 2147483647;
			files = (
			);
			runOnlyForDeploymentPostprocessing = 0;
		};
/* End PBXSourcesBuildPhase section */

/* Begin XCBuildConfiguration section */
		58B511ED1A9E6C8500147676 /* Debug */ = {
			isa = XCBuildConfiguration;
			buildSettings = {
				ALWAYS_SEARCH_USER_PATHS = NO;
				CLANG_CXX_LANGUAGE_STANDARD = "gnu++0x";
				CLANG_CXX_LIBRARY = "libc++";
				CLANG_ENABLE_MODULES = YES;
				CLANG_ENABLE_OBJC_ARC = YES;
				CLANG_WARN_BLOCK_CAPTURE_AUTORELEASING = YES;
				CLANG_WARN_BOOL_CONVERSION = YES;
				CLANG_WARN_COMMA = YES;
				CLANG_WARN_CONSTANT_CONVERSION = YES;
				CLANG_WARN_DIRECT_OBJC_ISA_USAGE = YES_ERROR;
				CLANG_WARN_EMPTY_BODY = YES;
				CLANG_WARN_ENUM_CONVERSION = YES;
				CLANG_WARN_INFINITE_RECURSION = YES;
				CLANG_WARN_INT_CONVERSION = YES;
				CLANG_WARN_NON_LITERAL_NULL_CONVERSION = YES;
				CLANG_WARN_OBJC_LITERAL_CONVERSION = YES;
				CLANG_WARN_OBJC_ROOT_CLASS = YES_ERROR;
				CLANG_WARN_RANGE_LOOP_ANALYSIS = YES;
				CLANG_WARN_STRICT_PROTOTYPES = YES;
				CLANG_WARN_SUSPICIOUS_MOVE = YES;
				CLANG_WARN_UNREACHABLE_CODE = YES;
				CLANG_WARN__DUPLICATE_METHOD_MATCH = YES;
				COPY_PHASE_STRIP = NO;
				ENABLE_STRICT_OBJC_MSGSEND = YES;
				ENABLE_TESTABILITY = YES;
				"EXCLUDED_ARCHS[sdk=*]" = arm64;
				GCC_C_LANGUAGE_STANDARD = gnu99;
				GCC_DYNAMIC_NO_PIC = NO;
				GCC_NO_COMMON_BLOCKS = YES;
				GCC_OPTIMIZATION_LEVEL = 0;
				GCC_PREPROCESSOR_DEFINITIONS = (
					"DEBUG=1",
					"$(inherited)",
				);
				GCC_SYMBOLS_PRIVATE_EXTERN = NO;
				GCC_WARN_64_TO_32_BIT_CONVERSION = YES;
				GCC_WARN_ABOUT_RETURN_TYPE = YES_ERROR;
				GCC_WARN_UNDECLARED_SELECTOR = YES;
				GCC_WARN_UNINITIALIZED_AUTOS = YES_AGGRESSIVE;
				GCC_WARN_UNUSED_FUNCTION = YES;
				GCC_WARN_UNUSED_VARIABLE = YES;
				IPHONEOS_DEPLOYMENT_TARGET = 8.0;
				MTL_ENABLE_DEBUG_INFO = YES;
				ONLY_ACTIVE_ARCH = YES;
				SDKROOT = iphoneos;
			};
			name = Debug;
		};
		58B511EE1A9E6C8500147676 /* Release */ = {
			isa = XCBuildConfiguration;
			buildSettings = {
				ALWAYS_SEARCH_USER_PATHS = NO;
				CLANG_CXX_LANGUAGE_STANDARD = "gnu++0x";
				CLANG_CXX_LIBRARY = "libc++";
				CLANG_ENABLE_MODULES = YES;
				CLANG_ENABLE_OBJC_ARC = YES;
				CLANG_WARN_BLOCK_CAPTURE_AUTORELEASING = YES;
				CLANG_WARN_BOOL_CONVERSION = YES;
				CLANG_WARN_COMMA = YES;
				CLANG_WARN_CONSTANT_CONVERSION = YES;
				CLANG_WARN_DIRECT_OBJC_ISA_USAGE = YES_ERROR;
				CLANG_WARN_EMPTY_BODY = YES;
				CLANG_WARN_ENUM_CONVERSION = YES;
				CLANG_WARN_INFINITE_RECURSION = YES;
				CLANG_WARN_INT_CONVERSION = YES;
				CLANG_WARN_NON_LITERAL_NULL_CONVERSION = YES;
				CLANG_WARN_OBJC_LITERAL_CONVERSION = YES;
				CLANG_WARN_OBJC_ROOT_CLASS = YES_ERROR;
				CLANG_WARN_RANGE_LOOP_ANALYSIS = YES;
				CLANG_WARN_STRICT_PROTOTYPES = YES;
				CLANG_WARN_SUSPICIOUS_MOVE = YES;
				CLANG_WARN_UNREACHABLE_CODE = YES;
				CLANG_WARN__DUPLICATE_METHOD_MATCH = YES;
				COPY_PHASE_STRIP = YES;
				ENABLE_NS_ASSERTIONS = NO;
				ENABLE_STRICT_OBJC_MSGSEND = YES;
				"EXCLUDED_ARCHS[sdk=*]" = arm64;
				GCC_C_LANGUAGE_STANDARD = gnu99;
				GCC_NO_COMMON_BLOCKS = YES;
				GCC_WARN_64_TO_32_BIT_CONVERSION = YES;
				GCC_WARN_ABOUT_RETURN_TYPE = YES_ERROR;
				GCC_WARN_UNDECLARED_SELECTOR = YES;
				GCC_WARN_UNINITIALIZED_AUTOS = YES_AGGRESSIVE;
				GCC_WARN_UNUSED_FUNCTION = YES;
				GCC_WARN_UNUSED_VARIABLE = YES;
				IPHONEOS_DEPLOYMENT_TARGET = 8.0;
				MTL_ENABLE_DEBUG_INFO = NO;
				SDKROOT = iphoneos;
				VALIDATE_PRODUCT = YES;
			};
			name = Release;
		};
		58B511F01A9E6C8500147676 /* Debug */ = {
			isa = XCBuildConfiguration;
			buildSettings = {
				HEADER_SEARCH_PATHS = (
					"$(inherited)",
					/Applications/Xcode.app/Contents/Developer/Toolchains/XcodeDefault.xctoolchain/usr/include,
					"$(SRCROOT)/../../../React/**",
					"$(SRCROOT)/../../react-native/React/**",
				);
				LIBRARY_SEARCH_PATHS = "$(inherited)";
				OTHER_LDFLAGS = "-ObjC";
				PRODUCT_NAME = TelinkBle;
				SKIP_INSTALL = YES;
				SWIFT_OBJC_BRIDGING_HEADER = "TelinkBle-Bridging-Header.h";
				SWIFT_OPTIMIZATION_LEVEL = "-Onone";
				SWIFT_VERSION = 5.0;
			};
			name = Debug;
		};
		58B511F11A9E6C8500147676 /* Release */ = {
			isa = XCBuildConfiguration;
			buildSettings = {
				HEADER_SEARCH_PATHS = (
					"$(inherited)",
					/Applications/Xcode.app/Contents/Developer/Toolchains/XcodeDefault.xctoolchain/usr/include,
					"$(SRCROOT)/../../../React/**",
					"$(SRCROOT)/../../react-native/React/**",
				);
				LIBRARY_SEARCH_PATHS = "$(inherited)";
				OTHER_LDFLAGS = "-ObjC";
				PRODUCT_NAME = TelinkBle;
				SKIP_INSTALL = YES;
				SWIFT_OBJC_BRIDGING_HEADER = "TelinkBle-Bridging-Header.h";
				SWIFT_VERSION = 5.0;
			};
			name = Release;
		};
/* End XCBuildConfiguration section */

/* Begin XCConfigurationList section */
		58B511D61A9E6C8500147676 /* Build configuration list for PBXProject "TelinkBle" */ = {
			isa = XCConfigurationList;
			buildConfigurations = (
				58B511ED1A9E6C8500147676 /* Debug */,
				58B511EE1A9E6C8500147676 /* Release */,
			);
			defaultConfigurationIsVisible = 0;
			defaultConfigurationName = Release;
		};
		58B511EF1A9E6C8500147676 /* Build configuration list for PBXNativeTarget "TelinkBle" */ = {
			isa = XCConfigurationList;
			buildConfigurations = (
				58B511F01A9E6C8500147676 /* Debug */,
				58B511F11A9E6C8500147676 /* Release */,
			);
			defaultConfigurationIsVisible = 0;
			defaultConfigurationName = Release;
		};
/* End XCConfigurationList section */
	};
	rootObject = 58B511D31A9E6C8500147676 /* Project object */;
}
